
Microsoft Visual Studio Solution File, Format Version 12.00
# Visual Studio Version 17
VisualStudioVersion = 17.4.33205.214
MinimumVisualStudioVersion = 10.0.40219.1
Project("{FAE04EC0-301F-11D3-BF4B-00C04F79EFBC}") = "Business", "Business\Business.csproj", "{D8018031-C737-4F99-9CBF-B6B3FF7E55EC}"
EndProject
Project("{9A19103F-16F7-4668-BE54-9A1E7A4F7556}") = "ECommerceWebUI", "ECommerceWebUI\ECommerceWebUI.csproj", "{64A924F2-0365-4253-B587-D8BC6798A4DA}"
EndProject
Project("{FAE04EC0-301F-11D3-BF4B-00C04F79EFBC}") = "DataAccess", "DataAccess\DataAccess.csproj", "{42B05952-409C-45D3-9CFA-718A6CBB75F9}"
EndProject
Global
	GlobalSection(SolutionConfigurationPlatforms) = preSolution
		Debug|Any CPU = Debug|Any CPU
		Release|Any CPU = Release|Any CPU
	EndGlobalSection
	GlobalSection(ProjectConfigurationPlatforms) = postSolution
		{D8018031-C737-4F99-9CBF-B6B3FF7E55EC}.Debug|Any CPU.ActiveCfg = Debug|Any CPU
		{D8018031-C737-4F99-9CBF-B6B3FF7E55EC}.Debug|Any CPU.Build.0 = Debug|Any CPU
		{D8018031-C737-4F99-9CBF-B6B3FF7E55EC}.Release|Any CPU.ActiveCfg = Release|Any CPU
		{D8018031-C737-4F99-9CBF-B6B3FF7E55EC}.Release|Any CPU.Build.0 = Release|Any CPU
		{64A924F2-0365-4253-B587-D8BC6798A4DA}.Debug|Any CPU.ActiveCfg = Debug|Any CPU
		{64A924F2-0365-4253-B587-D8BC6798A4DA}.Debug|Any CPU.Build.0 = Debug|Any CPU
		{64A924F2-0365-4253-B587-D8BC6798A4DA}.Release|Any CPU.ActiveCfg = Release|Any CPU
		{64A924F2-0365-4253-B587-D8BC6798A4DA}.Release|Any CPU.Build.0 = Release|Any CPU
		{42B05952-409C-45D3-9CFA-718A6CBB75F9}.Debug|Any CPU.ActiveCfg = Debug|Any CPU
		{42B05952-409C-45D3-9CFA-718A6CBB75F9}.Debug|Any CPU.Build.0 = Debug|Any CPU
		{42B05952-409C-45D3-9CFA-718A6CBB75F9}.Release|Any CPU.ActiveCfg = Release|Any CPU
		{42B05952-409C-45D3-9CFA-718A6CBB75F9}.Release|Any CPU.Build.0 = Release|Any CPU
	EndGlobalSection
	GlobalSection(SolutionProperties) = preSolution
		HideSolutionNode = FALSE
	EndGlobalSection
	GlobalSection(ExtensibilityGlobals) = postSolution
		SolutionGuid = {D6A01B81-DAD3-4765-86B4-69BF90E74852}
	EndGlobalSection
EndGlobal
