
Microsoft Visual Studio Solution File, Format Version 12.00
# Visual Studio Version 17
VisualStudioVersion = 17.4.33205.214
MinimumVisualStudioVersion = 10.0.40219.1
Project("{9A19103F-16F7-4668-BE54-9A1E7A4F7556}") = "ECommerce.WebUI", "ECommerce\ECommerce.WebUI.csproj", "{EAEE4987-0845-47BF-948C-D1E994F3F7E7}"
EndProject
Project("{FAE04EC0-301F-11D3-BF4B-00C04F79EFBC}") = "DataAccess", "DataAccess\DataAccess.csproj", "{9466EC1F-B574-4A3E-8F7B-2D6BD8B92CDC}"
EndProject
Project("{FAE04EC0-301F-11D3-BF4B-00C04F79EFBC}") = "Entities", "Entities\Entities.csproj", "{EBBBB4B8-36E5-4CFB-B4DF-8730F1DBEB56}"
EndProject
Project("{FAE04EC0-301F-11D3-BF4B-00C04F79EFBC}") = "Business", "Business\Business.csproj", "{D8018031-C737-4F99-9CBF-B6B3FF7E55EC}"
EndProject
Project("{FAE04EC0-301F-11D3-BF4B-00C04F79EFBC}") = "Core", "Core\Core.csproj", "{FBE5D196-3663-4482-897C-3014C2C58F4B}"
EndProject
Global
	GlobalSection(SolutionConfigurationPlatforms) = preSolution
		Debug|Any CPU = Debug|Any CPU
		Release|Any CPU = Release|Any CPU
	EndGlobalSection
	GlobalSection(ProjectConfigurationPlatforms) = postSolution
		{EAEE4987-0845-47BF-948C-D1E994F3F7E7}.Debug|Any CPU.ActiveCfg = Debug|Any CPU
		{EAEE4987-0845-47BF-948C-D1E994F3F7E7}.Debug|Any CPU.Build.0 = Debug|Any CPU
		{EAEE4987-0845-47BF-948C-D1E994F3F7E7}.Release|Any CPU.ActiveCfg = Release|Any CPU
		{EAEE4987-0845-47BF-948C-D1E994F3F7E7}.Release|Any CPU.Build.0 = Release|Any CPU
		{9466EC1F-B574-4A3E-8F7B-2D6BD8B92CDC}.Debug|Any CPU.ActiveCfg = Debug|Any CPU
		{9466EC1F-B574-4A3E-8F7B-2D6BD8B92CDC}.Debug|Any CPU.Build.0 = Debug|Any CPU
		{9466EC1F-B574-4A3E-8F7B-2D6BD8B92CDC}.Release|Any CPU.ActiveCfg = Release|Any CPU
		{9466EC1F-B574-4A3E-8F7B-2D6BD8B92CDC}.Release|Any CPU.Build.0 = Release|Any CPU
		{EBBBB4B8-36E5-4CFB-B4DF-8730F1DBEB56}.Debug|Any CPU.ActiveCfg = Debug|Any CPU
		{EBBBB4B8-36E5-4CFB-B4DF-8730F1DBEB56}.Debug|Any CPU.Build.0 = Debug|Any CPU
		{EBBBB4B8-36E5-4CFB-B4DF-8730F1DBEB56}.Release|Any CPU.ActiveCfg = Release|Any CPU
		{EBBBB4B8-36E5-4CFB-B4DF-8730F1DBEB56}.Release|Any CPU.Build.0 = Release|Any CPU
		{D8018031-C737-4F99-9CBF-B6B3FF7E55EC}.Debug|Any CPU.ActiveCfg = Debug|Any CPU
		{D8018031-C737-4F99-9CBF-B6B3FF7E55EC}.Debug|Any CPU.Build.0 = Debug|Any CPU
		{D8018031-C737-4F99-9CBF-B6B3FF7E55EC}.Release|Any CPU.ActiveCfg = Release|Any CPU
		{D8018031-C737-4F99-9CBF-B6B3FF7E55EC}.Release|Any CPU.Build.0 = Release|Any CPU
		{FBE5D196-3663-4482-897C-3014C2C58F4B}.Debug|Any CPU.ActiveCfg = Debug|Any CPU
		{FBE5D196-3663-4482-897C-3014C2C58F4B}.Debug|Any CPU.Build.0 = Debug|Any CPU
		{FBE5D196-3663-4482-897C-3014C2C58F4B}.Release|Any CPU.ActiveCfg = Release|Any CPU
		{FBE5D196-3663-4482-897C-3014C2C58F4B}.Release|Any CPU.Build.0 = Release|Any CPU
	EndGlobalSection
	GlobalSection(SolutionProperties) = preSolution
		HideSolutionNode = FALSE
	EndGlobalSection
	GlobalSection(ExtensibilityGlobals) = postSolution
		SolutionGuid = {D6A01B81-DAD3-4765-86B4-69BF90E74852}
	EndGlobalSection
EndGlobal
